
Microsoft Visual Studio Solution File, Format Version 12.00
# Visual Studio 15
VisualStudioVersion = 15.0.27130.2010
MinimumVisualStudioVersion = 10.0.40219.1
Project("{8BC9CEB8-8B4A-11D0-8D11-00A0C91BC942}") = "ApplicationOfRabinKarpAlgorithm", "ApplicationOfRabinKarpAlgorithm\ApplicationOfRabinKarpAlgorithm.vcxproj", "{ED5DAF7B-955E-4D37-9DFE-F36D93EF3754}"
EndProject
Global
	GlobalSection(SolutionConfigurationPlatforms) = preSolution
		Debug|x64 = Debug|x64
		Debug|x86 = Debug|x86
		Release|x64 = Release|x64
		Release|x86 = Release|x86
	EndGlobalSection
	GlobalSection(ProjectConfigurationPlatforms) = postSolution
		{ED5DAF7B-955E-4D37-9DFE-F36D93EF3754}.Debug|x64.ActiveCfg = Debug|x64
		{ED5DAF7B-955E-4D37-9DFE-F36D93EF3754}.Debug|x64.Build.0 = Debug|x64
		{ED5DAF7B-955E-4D37-9DFE-F36D93EF3754}.Debug|x86.ActiveCfg = Debug|Win32
		{ED5DAF7B-955E-4D37-9DFE-F36D93EF3754}.Debug|x86.Build.0 = Debug|Win32
		{ED5DAF7B-955E-4D37-9DFE-F36D93EF3754}.Release|x64.ActiveCfg = Release|x64
		{ED5DAF7B-955E-4D37-9DFE-F36D93EF3754}.Release|x64.Build.0 = Release|x64
		{ED5DAF7B-955E-4D37-9DFE-F36D93EF3754}.Release|x86.ActiveCfg = Release|Win32
		{ED5DAF7B-955E-4D37-9DFE-F36D93EF3754}.Release|x86.Build.0 = Release|Win32
	EndGlobalSection
	GlobalSection(SolutionProperties) = preSolution
		HideSolutionNode = FALSE
	EndGlobalSection
	GlobalSection(ExtensibilityGlobals) = postSolution
		SolutionGuid = {FE1B2A30-7BD1-4270-84FD-626CDFC33339}
	EndGlobalSection
EndGlobal
